// !$*UTF8*$!
{
	archiveVersion = 1;
	classes = {
	};
	objectVersion = 56;
	objects = {

/* Begin PBXBuildFile section */
		992A23172BF1C7E90062EF80 /* SlateApp.swift in Sources */ = {isa = PBXBuildFile; fileRef = 992A23162BF1C7E90062EF80 /* SlateApp.swift */; };
		992A23192BF1C7E90062EF80 /* ContentView.swift in Sources */ = {isa = PBXBuildFile; fileRef = 992A23182BF1C7E90062EF80 /* ContentView.swift */; };
		992A231B2BF1C7E90062EF80 /* Item.swift in Sources */ = {isa = PBXBuildFile; fileRef = 992A231A2BF1C7E90062EF80 /* Item.swift */; };
		992A231D2BF1C7EA0062EF80 /* Assets.xcassets in Resources */ = {isa = PBXBuildFile; fileRef = 992A231C2BF1C7EA0062EF80 /* Assets.xcassets */; };
		992A23212BF1C7EA0062EF80 /* Preview Assets.xcassets in Resources */ = {isa = PBXBuildFile; fileRef = 992A23202BF1C7EA0062EF80 /* Preview Assets.xcassets */; };
		992A232B2BF1C7EA0062EF80 /* SlateTests.swift in Sources */ = {isa = PBXBuildFile; fileRef = 992A232A2BF1C7EA0062EF80 /* SlateTests.swift */; };
		992A23352BF1C7EA0062EF80 /* SlateUITests.swift in Sources */ = {isa = PBXBuildFile; fileRef = 992A23342BF1C7EA0062EF80 /* SlateUITests.swift */; };
		992A23372BF1C7EA0062EF80 /* SlateUITestsLaunchTests.swift in Sources */ = {isa = PBXBuildFile; fileRef = 992A23362BF1C7EA0062EF80 /* SlateUITestsLaunchTests.swift */; };
/* End PBXBuildFile section */

/* Begin PBXContainerItemProxy section */
		992A23272BF1C7EA0062EF80 /* PBXContainerItemProxy */ = {
			isa = PBXContainerItemProxy;
			containerPortal = 992A230B2BF1C7E90062EF80 /* Project object */;
			proxyType = 1;
			remoteGlobalIDString = 992A23122BF1C7E90062EF80;
			remoteInfo = Slate;
		};
		992A23312BF1C7EA0062EF80 /* PBXContainerItemProxy */ = {
			isa = PBXContainerItemProxy;
			containerPortal = 992A230B2BF1C7E90062EF80 /* Project object */;
			proxyType = 1;
			remoteGlobalIDString = 992A23122BF1C7E90062EF80;
			remoteInfo = Slate;
		};
/* End PBXContainerItemProxy section */

/* Begin PBXFileReference section */
		992A23132BF1C7E90062EF80 /* Slate.app */ = {isa = PBXFileReference; explicitFileType = wrapper.application; includeInIndex = 0; path = Slate.app; sourceTree = BUILT_PRODUCTS_DIR; };
		992A23162BF1C7E90062EF80 /* SlateApp.swift */ = {isa = PBXFileReference; lastKnownFileType = sourcecode.swift; path = SlateApp.swift; sourceTree = "<group>"; };
		992A23182BF1C7E90062EF80 /* ContentView.swift */ = {isa = PBXFileReference; lastKnownFileType = sourcecode.swift; path = ContentView.swift; sourceTree = "<group>"; };
		992A231A2BF1C7E90062EF80 /* Item.swift */ = {isa = PBXFileReference; lastKnownFileType = sourcecode.swift; path = Item.swift; sourceTree = "<group>"; };
		992A231C2BF1C7EA0062EF80 /* Assets.xcassets */ = {isa = PBXFileReference; lastKnownFileType = folder.assetcatalog; path = Assets.xcassets; sourceTree = "<group>"; };
		992A231E2BF1C7EA0062EF80 /* Slate.entitlements */ = {isa = PBXFileReference; lastKnownFileType = text.plist.entitlements; path = Slate.entitlements; sourceTree = "<group>"; };
		992A23202BF1C7EA0062EF80 /* Preview Assets.xcassets */ = {isa = PBXFileReference; lastKnownFileType = folder.assetcatalog; path = "Preview Assets.xcassets"; sourceTree = "<group>"; };
		992A23262BF1C7EA0062EF80 /* SlateTests.xctest */ = {isa = PBXFileReference; explicitFileType = wrapper.cfbundle; includeInIndex = 0; path = SlateTests.xctest; sourceTree = BUILT_PRODUCTS_DIR; };
		992A232A2BF1C7EA0062EF80 /* SlateTests.swift */ = {isa = PBXFileReference; lastKnownFileType = sourcecode.swift; path = SlateTests.swift; sourceTree = "<group>"; };
		992A23302BF1C7EA0062EF80 /* SlateUITests.xctest */ = {isa = PBXFileReference; explicitFileType = wrapper.cfbundle; includeInIndex = 0; path = SlateUITests.xctest; sourceTree = BUILT_PRODUCTS_DIR; };
		992A23342BF1C7EA0062EF80 /* SlateUITests.swift */ = {isa = PBXFileReference; lastKnownFileType = sourcecode.swift; path = SlateUITests.swift; sourceTree = "<group>"; };
		992A23362BF1C7EA0062EF80 /* SlateUITestsLaunchTests.swift */ = {isa = PBXFileReference; lastKnownFileType = sourcecode.swift; path = SlateUITestsLaunchTests.swift; sourceTree = "<group>"; };
/* End PBXFileReference section */

/* Begin PBXFrameworksBuildPhase section */
		992A23102BF1C7E90062EF80 /* Frameworks */ = {
			isa = PBXFrameworksBuildPhase;
			buildActionMask = 2147483647;
			files = (
			);
			runOnlyForDeploymentPostprocessing = 0;
		};
		992A23232BF1C7EA0062EF80 /* Frameworks */ = {
			isa = PBXFrameworksBuildPhase;
			buildActionMask = 2147483647;
			files = (
			);
			runOnlyForDeploymentPostprocessing = 0;
		};
		992A232D2BF1C7EA0062EF80 /* Frameworks */ = {
			isa = PBXFrameworksBuildPhase;
			buildActionMask = 2147483647;
			files = (
			);
			runOnlyForDeploymentPostprocessing = 0;
		};
/* End PBXFrameworksBuildPhase section */

/* Begin PBXGroup section */
		992A230A2BF1C7E90062EF80 = {
			isa = PBXGroup;
			children = (
				992A23152BF1C7E90062EF80 /* Slate */,
				992A23292BF1C7EA0062EF80 /* SlateTests */,
				992A23332BF1C7EA0062EF80 /* SlateUITests */,
				992A23142BF1C7E90062EF80 /* Products */,
			);
			sourceTree = "<group>";
		};
		992A23142BF1C7E90062EF80 /* Products */ = {
			isa = PBXGroup;
			children = (
				992A23132BF1C7E90062EF80 /* Slate.app */,
				992A23262BF1C7EA0062EF80 /* SlateTests.xctest */,
				992A23302BF1C7EA0062EF80 /* SlateUITests.xctest */,
			);
			name = Products;
			sourceTree = "<group>";
		};
		992A23152BF1C7E90062EF80 /* Slate */ = {
			isa = PBXGroup;
			children = (
				992A23162BF1C7E90062EF80 /* SlateApp.swift */,
				992A23182BF1C7E90062EF80 /* ContentView.swift */,
				992A231A2BF1C7E90062EF80 /* Item.swift */,
				992A231C2BF1C7EA0062EF80 /* Assets.xcassets */,
				992A231E2BF1C7EA0062EF80 /* Slate.entitlements */,
				992A231F2BF1C7EA0062EF80 /* Preview Content */,
			);
			path = Slate;
			sourceTree = "<group>";
		};
		992A231F2BF1C7EA0062EF80 /* Preview Content */ = {
			isa = PBXGroup;
			children = (
				992A23202BF1C7EA0062EF80 /* Preview Assets.xcassets */,
			);
			path = "Preview Content";
			sourceTree = "<group>";
		};
		992A23292BF1C7EA0062EF80 /* SlateTests */ = {
			isa = PBXGroup;
			children = (
				992A232A2BF1C7EA0062EF80 /* SlateTests.swift */,
			);
			path = SlateTests;
			sourceTree = "<group>";
		};
		992A23332BF1C7EA0062EF80 /* SlateUITests */ = {
			isa = PBXGroup;
			children = (
				992A23342BF1C7EA0062EF80 /* SlateUITests.swift */,
				992A23362BF1C7EA0062EF80 /* SlateUITestsLaunchTests.swift */,
			);
			path = SlateUITests;
			sourceTree = "<group>";
		};
/* End PBXGroup section */

/* Begin PBXNativeTarget section */
		992A23122BF1C7E90062EF80 /* Slate */ = {
			isa = PBXNativeTarget;
			buildConfigurationList = 992A233A2BF1C7EA0062EF80 /* Build configuration list for PBXNativeTarget "Slate" */;
			buildPhases = (
				992A230F2BF1C7E90062EF80 /* Sources */,
				992A23102BF1C7E90062EF80 /* Frameworks */,
				992A23112BF1C7E90062EF80 /* Resources */,
			);
			buildRules = (
			);
			dependencies = (
			);
			name = Slate;
			productName = Slate;
			productReference = 992A23132BF1C7E90062EF80 /* Slate.app */;
			productType = "com.apple.product-type.application";
		};
		992A23252BF1C7EA0062EF80 /* SlateTests */ = {
			isa = PBXNativeTarget;
			buildConfigurationList = 992A233D2BF1C7EA0062EF80 /* Build configuration list for PBXNativeTarget "SlateTests" */;
			buildPhases = (
				992A23222BF1C7EA0062EF80 /* Sources */,
				992A23232BF1C7EA0062EF80 /* Frameworks */,
				992A23242BF1C7EA0062EF80 /* Resources */,
			);
			buildRules = (
			);
			dependencies = (
				992A23282BF1C7EA0062EF80 /* PBXTargetDependency */,
			);
			name = SlateTests;
			productName = SlateTests;
			productReference = 992A23262BF1C7EA0062EF80 /* SlateTests.xctest */;
			productType = "com.apple.product-type.bundle.unit-test";
		};
		992A232F2BF1C7EA0062EF80 /* SlateUITests */ = {
			isa = PBXNativeTarget;
			buildConfigurationList = 992A23402BF1C7EA0062EF80 /* Build configuration list for PBXNativeTarget "SlateUITests" */;
			buildPhases = (
				992A232C2BF1C7EA0062EF80 /* Sources */,
				992A232D2BF1C7EA0062EF80 /* Frameworks */,
				992A232E2BF1C7EA0062EF80 /* Resources */,
			);
			buildRules = (
			);
			dependencies = (
				992A23322BF1C7EA0062EF80 /* PBXTargetDependency */,
			);
			name = SlateUITests;
			productName = SlateUITests;
			productReference = 992A23302BF1C7EA0062EF80 /* SlateUITests.xctest */;
			productType = "com.apple.product-type.bundle.ui-testing";
		};
/* End PBXNativeTarget section */

/* Begin PBXProject section */
		992A230B2BF1C7E90062EF80 /* Project object */ = {
			isa = PBXProject;
			attributes = {
				BuildIndependentTargetsInParallel = 1;
				LastSwiftUpdateCheck = 1530;
				LastUpgradeCheck = 1530;
				TargetAttributes = {
					992A23122BF1C7E90062EF80 = {
						CreatedOnToolsVersion = 15.3;
					};
					992A23252BF1C7EA0062EF80 = {
						CreatedOnToolsVersion = 15.3;
						TestTargetID = 992A23122BF1C7E90062EF80;
					};
					992A232F2BF1C7EA0062EF80 = {
						CreatedOnToolsVersion = 15.3;
						TestTargetID = 992A23122BF1C7E90062EF80;
					};
				};
			};
			buildConfigurationList = 992A230E2BF1C7E90062EF80 /* Build configuration list for PBXProject "Slate" */;
			compatibilityVersion = "Xcode 14.0";
			developmentRegion = en;
			hasScannedForEncodings = 0;
			knownRegions = (
				en,
				Base,
			);
			mainGroup = 992A230A2BF1C7E90062EF80;
			productRefGroup = 992A23142BF1C7E90062EF80 /* Products */;
			projectDirPath = "";
			projectRoot = "";
			targets = (
				992A23122BF1C7E90062EF80 /* Slate */,
				992A23252BF1C7EA0062EF80 /* SlateTests */,
				992A232F2BF1C7EA0062EF80 /* SlateUITests */,
			);
		};
/* End PBXProject section */

/* Begin PBXResourcesBuildPhase section */
		992A23112BF1C7E90062EF80 /* Resources */ = {
			isa = PBXResourcesBuildPhase;
			buildActionMask = 2147483647;
			files = (
				992A23212BF1C7EA0062EF80 /* Preview Assets.xcassets in Resources */,
				992A231D2BF1C7EA0062EF80 /* Assets.xcassets in Resources */,
			);
			runOnlyForDeploymentPostprocessing = 0;
		};
		992A23242BF1C7EA0062EF80 /* Resources */ = {
			isa = PBXResourcesBuildPhase;
			buildActionMask = 2147483647;
			files = (
			);
			runOnlyForDeploymentPostprocessing = 0;
		};
		992A232E2BF1C7EA0062EF80 /* Resources */ = {
			isa = PBXResourcesBuildPhase;
			buildActionMask = 2147483647;
			files = (
			);
			runOnlyForDeploymentPostprocessing = 0;
		};
/* End PBXResourcesBuildPhase section */

/* Begin PBXSourcesBuildPhase section */
		992A230F2BF1C7E90062EF80 /* Sources */ = {
			isa = PBXSourcesBuildPhase;
			buildActionMask = 2147483647;
			files = (
				992A23192BF1C7E90062EF80 /* ContentView.swift in Sources */,
				992A231B2BF1C7E90062EF80 /* Item.swift in Sources */,
				992A23172BF1C7E90062EF80 /* SlateApp.swift in Sources */,
			);
			runOnlyForDeploymentPostprocessing = 0;
		};
		992A23222BF1C7EA0062EF80 /* Sources */ = {
			isa = PBXSourcesBuildPhase;
			buildActionMask = 2147483647;
			files = (
				992A232B2BF1C7EA0062EF80 /* SlateTests.swift in Sources */,
			);
			runOnlyForDeploymentPostprocessing = 0;
		};
		992A232C2BF1C7EA0062EF80 /* Sources */ = {
			isa = PBXSourcesBuildPhase;
			buildActionMask = 2147483647;
			files = (
				992A23372BF1C7EA0062EF80 /* SlateUITestsLaunchTests.swift in Sources */,
				992A23352BF1C7EA0062EF80 /* SlateUITests.swift in Sources */,
			);
			runOnlyForDeploymentPostprocessing = 0;
		};
/* End PBXSourcesBuildPhase section */

/* Begin PBXTargetDependency section */
		992A23282BF1C7EA0062EF80 /* PBXTargetDependency */ = {
			isa = PBXTargetDependency;
			target = 992A23122BF1C7E90062EF80 /* Slate */;
			targetProxy = 992A23272BF1C7EA0062EF80 /* PBXContainerItemProxy */;
		};
		992A23322BF1C7EA0062EF80 /* PBXTargetDependency */ = {
			isa = PBXTargetDependency;
			target = 992A23122BF1C7E90062EF80 /* Slate */;
			targetProxy = 992A23312BF1C7EA0062EF80 /* PBXContainerItemProxy */;
		};
/* End PBXTargetDependency section */

/* Begin XCBuildConfiguration section */
		992A23382BF1C7EA0062EF80 /* Debug */ = {
			isa = XCBuildConfiguration;
			buildSettings = {
				ALWAYS_SEARCH_USER_PATHS = NO;
				ASSETCATALOG_COMPILER_GENERATE_SWIFT_ASSET_SYMBOL_EXTENSIONS = YES;
				CLANG_ANALYZER_NONNULL = YES;
				CLANG_ANALYZER_NUMBER_OBJECT_CONVERSION = YES_AGGRESSIVE;
				CLANG_CXX_LANGUAGE_STANDARD = "gnu++20";
				CLANG_ENABLE_MODULES = YES;
				CLANG_ENABLE_OBJC_ARC = YES;
				CLANG_ENABLE_OBJC_WEAK = YES;
				CLANG_WARN_BLOCK_CAPTURE_AUTORELEASING = YES;
				CLANG_WARN_BOOL_CONVERSION = YES;
				CLANG_WARN_COMMA = YES;
				CLANG_WARN_CONSTANT_CONVERSION = YES;
				CLANG_WARN_DEPRECATED_OBJC_IMPLEMENTATIONS = YES;
				CLANG_WARN_DIRECT_OBJC_ISA_USAGE = YES_ERROR;
				CLANG_WARN_DOCUMENTATION_COMMENTS = YES;
				CLANG_WARN_EMPTY_BODY = YES;
				CLANG_WARN_ENUM_CONVERSION = YES;
				CLANG_WARN_INFINITE_RECURSION = YES;
				CLANG_WARN_INT_CONVERSION = YES;
				CLANG_WARN_NON_LITERAL_NULL_CONVERSION = YES;
				CLANG_WARN_OBJC_IMPLICIT_RETAIN_SELF = YES;
				CLANG_WARN_OBJC_LITERAL_CONVERSION = YES;
				CLANG_WARN_OBJC_ROOT_CLASS = YES_ERROR;
				CLANG_WARN_QUOTED_INCLUDE_IN_FRAMEWORK_HEADER = YES;
				CLANG_WARN_RANGE_LOOP_ANALYSIS = YES;
				CLANG_WARN_STRICT_PROTOTYPES = YES;
				CLANG_WARN_SUSPICIOUS_MOVE = YES;
				CLANG_WARN_UNGUARDED_AVAILABILITY = YES_AGGRESSIVE;
				CLANG_WARN_UNREACHABLE_CODE = YES;
				CLANG_WARN__DUPLICATE_METHOD_MATCH = YES;
				COPY_PHASE_STRIP = NO;
				DEBUG_INFORMATION_FORMAT = dwarf;
				ENABLE_STRICT_OBJC_MSGSEND = YES;
				ENABLE_TESTABILITY = YES;
				ENABLE_USER_SCRIPT_SANDBOXING = YES;
				GCC_C_LANGUAGE_STANDARD = gnu17;
				GCC_DYNAMIC_NO_PIC = NO;
				GCC_NO_COMMON_BLOCKS = YES;
				GCC_OPTIMIZATION_LEVEL = 0;
				GCC_PREPROCESSOR_DEFINITIONS = (
					"DEBUG=1",
					"$(inherited)",
				);
				GCC_WARN_64_TO_32_BIT_CONVERSION = YES;
				GCC_WARN_ABOUT_RETURN_TYPE = YES_ERROR;
				GCC_WARN_UNDECLARED_SELECTOR = YES;
				GCC_WARN_UNINITIALIZED_AUTOS = YES_AGGRESSIVE;
				GCC_WARN_UNUSED_FUNCTION = YES;
				GCC_WARN_UNUSED_VARIABLE = YES;
				LOCALIZATION_PREFERS_STRING_CATALOGS = YES;
				MTL_ENABLE_DEBUG_INFO = INCLUDE_SOURCE;
				MTL_FAST_MATH = YES;
				ONLY_ACTIVE_ARCH = YES;
				SWIFT_ACTIVE_COMPILATION_CONDITIONS = "DEBUG $(inherited)";
				SWIFT_OPTIMIZATION_LEVEL = "-Onone";
			};
			name = Debug;
		};
		992A23392BF1C7EA0062EF80 /* Release */ = {
			isa = XCBuildConfiguration;
			buildSettings = {
				ALWAYS_SEARCH_USER_PATHS = NO;
				ASSETCATALOG_COMPILER_GENERATE_SWIFT_ASSET_SYMBOL_EXTENSIONS = YES;
				CLANG_ANALYZER_NONNULL = YES;
				CLANG_ANALYZER_NUMBER_OBJECT_CONVERSION = YES_AGGRESSIVE;
				CLANG_CXX_LANGUAGE_STANDARD = "gnu++20";
				CLANG_ENABLE_MODULES = YES;
				CLANG_ENABLE_OBJC_ARC = YES;
				CLANG_ENABLE_OBJC_WEAK = YES;
				CLANG_WARN_BLOCK_CAPTURE_AUTORELEASING = YES;
				CLANG_WARN_BOOL_CONVERSION = YES;
				CLANG_WARN_COMMA = YES;
				CLANG_WARN_CONSTANT_CONVERSION = YES;
				CLANG_WARN_DEPRECATED_OBJC_IMPLEMENTATIONS = YES;
				CLANG_WARN_DIRECT_OBJC_ISA_USAGE = YES_ERROR;
				CLANG_WARN_DOCUMENTATION_COMMENTS = YES;
				CLANG_WARN_EMPTY_BODY = YES;
				CLANG_WARN_ENUM_CONVERSION = YES;
				CLANG_WARN_INFINITE_RECURSION = YES;
				CLANG_WARN_INT_CONVERSION = YES;
				CLANG_WARN_NON_LITERAL_NULL_CONVERSION = YES;
				CLANG_WARN_OBJC_IMPLICIT_RETAIN_SELF = YES;
				CLANG_WARN_OBJC_LITERAL_CONVERSION = YES;
				CLANG_WARN_OBJC_ROOT_CLASS = YES_ERROR;
				CLANG_WARN_QUOTED_INCLUDE_IN_FRAMEWORK_HEADER = YES;
				CLANG_WARN_RANGE_LOOP_ANALYSIS = YES;
				CLANG_WARN_STRICT_PROTOTYPES = YES;
				CLANG_WARN_SUSPICIOUS_MOVE = YES;
				CLANG_WARN_UNGUARDED_AVAILABILITY = YES_AGGRESSIVE;
				CLANG_WARN_UNREACHABLE_CODE = YES;
				CLANG_WARN__DUPLICATE_METHOD_MATCH = YES;
				COPY_PHASE_STRIP = NO;
				DEBUG_INFORMATION_FORMAT = "dwarf-with-dsym";
				ENABLE_NS_ASSERTIONS = NO;
				ENABLE_STRICT_OBJC_MSGSEND = YES;
				ENABLE_USER_SCRIPT_SANDBOXING = YES;
				GCC_C_LANGUAGE_STANDARD = gnu17;
				GCC_NO_COMMON_BLOCKS = YES;
				GCC_WARN_64_TO_32_BIT_CONVERSION = YES;
				GCC_WARN_ABOUT_RETURN_TYPE = YES_ERROR;
				GCC_WARN_UNDECLARED_SELECTOR = YES;
				GCC_WARN_UNINITIALIZED_AUTOS = YES_AGGRESSIVE;
				GCC_WARN_UNUSED_FUNCTION = YES;
				GCC_WARN_UNUSED_VARIABLE = YES;
				LOCALIZATION_PREFERS_STRING_CATALOGS = YES;
				MTL_ENABLE_DEBUG_INFO = NO;
				MTL_FAST_MATH = YES;
				SWIFT_COMPILATION_MODE = wholemodule;
			};
			name = Release;
		};
		992A233B2BF1C7EA0062EF80 /* Debug */ = {
			isa = XCBuildConfiguration;
			buildSettings = {
				ASSETCATALOG_COMPILER_APPICON_NAME = AppIcon;
				ASSETCATALOG_COMPILER_GLOBAL_ACCENT_COLOR_NAME = AccentColor;
				CODE_SIGN_ENTITLEMENTS = Slate/Slate.entitlements;
				CODE_SIGN_STYLE = Automatic;
				CURRENT_PROJECT_VERSION = 1;
				DEVELOPMENT_ASSET_PATHS = "\"Slate/Preview Content\"";
				ENABLE_PREVIEWS = YES;
				GENERATE_INFOPLIST_FILE = YES;
				"INFOPLIST_KEY_UIApplicationSceneManifest_Generation[sdk=iphoneos*]" = YES;
				"INFOPLIST_KEY_UIApplicationSceneManifest_Generation[sdk=iphonesimulator*]" = YES;
				"INFOPLIST_KEY_UIApplicationSupportsIndirectInputEvents[sdk=iphoneos*]" = YES;
				"INFOPLIST_KEY_UIApplicationSupportsIndirectInputEvents[sdk=iphonesimulator*]" = YES;
				"INFOPLIST_KEY_UILaunchScreen_Generation[sdk=iphoneos*]" = YES;
				"INFOPLIST_KEY_UILaunchScreen_Generation[sdk=iphonesimulator*]" = YES;
				"INFOPLIST_KEY_UIStatusBarStyle[sdk=iphoneos*]" = UIStatusBarStyleDefault;
				"INFOPLIST_KEY_UIStatusBarStyle[sdk=iphonesimulator*]" = UIStatusBarStyleDefault;
				INFOPLIST_KEY_UISupportedInterfaceOrientations_iPad = "UIInterfaceOrientationPortrait UIInterfaceOrientationPortraitUpsideDown UIInterfaceOrientationLandscapeLeft UIInterfaceOrientationLandscapeRight";
				INFOPLIST_KEY_UISupportedInterfaceOrientations_iPhone = "UIInterfaceOrientationPortrait UIInterfaceOrientationLandscapeLeft UIInterfaceOrientationLandscapeRight";
				IPHONEOS_DEPLOYMENT_TARGET = 17.4;
				LD_RUNPATH_SEARCH_PATHS = "@executable_path/Frameworks";
				"LD_RUNPATH_SEARCH_PATHS[sdk=macosx*]" = "@executable_path/../Frameworks";
				MACOSX_DEPLOYMENT_TARGET = 14.0;
				MARKETING_VERSION = 1.0;
				PRODUCT_BUNDLE_IDENTIFIER = alikhatibak.Slate;
				PRODUCT_NAME = "$(TARGET_NAME)";
				SDKROOT = auto;
				SUPPORTED_PLATFORMS = "iphoneos iphonesimulator macosx";
				SWIFT_EMIT_LOC_STRINGS = YES;
				SWIFT_VERSION = 5.0;
				TARGETED_DEVICE_FAMILY = "1,2";
			};
			name = Debug;
		};
		992A233C2BF1C7EA0062EF80 /* Release */ = {
			isa = XCBuildConfiguration;
			buildSettings = {
				ASSETCATALOG_COMPILER_APPICON_NAME = AppIcon;
				ASSETCATALOG_COMPILER_GLOBAL_ACCENT_COLOR_NAME = AccentColor;
				CODE_SIGN_ENTITLEMENTS = Slate/Slate.entitlements;
				CODE_SIGN_STYLE = Automatic;
				CURRENT_PROJECT_VERSION = 1;
				DEVELOPMENT_ASSET_PATHS = "\"Slate/Preview Content\"";
				ENABLE_PREVIEWS = YES;
				GENERATE_INFOPLIST_FILE = YES;
				"INFOPLIST_KEY_UIApplicationSceneManifest_Generation[sdk=iphoneos*]" = YES;
				"INFOPLIST_KEY_UIApplicationSceneManifest_Generation[sdk=iphonesimulator*]" = YES;
				"INFOPLIST_KEY_UIApplicationSupportsIndirectInputEvents[sdk=iphoneos*]" = YES;
				"INFOPLIST_KEY_UIApplicationSupportsIndirectInputEvents[sdk=iphonesimulator*]" = YES;
				"INFOPLIST_KEY_UILaunchScreen_Generation[sdk=iphoneos*]" = YES;
				"INFOPLIST_KEY_UILaunchScreen_Generation[sdk=iphonesimulator*]" = YES;
				"INFOPLIST_KEY_UIStatusBarStyle[sdk=iphoneos*]" = UIStatusBarStyleDefault;
				"INFOPLIST_KEY_UIStatusBarStyle[sdk=iphonesimulator*]" = UIStatusBarStyleDefault;
				INFOPLIST_KEY_UISupportedInterfaceOrientations_iPad = "UIInterfaceOrientationPortrait UIInterfaceOrientationPortraitUpsideDown UIInterfaceOrientationLandscapeLeft UIInterfaceOrientationLandscapeRight";
				INFOPLIST_KEY_UISupportedInterfaceOrientations_iPhone = "UIInterfaceOrientationPortrait UIInterfaceOrientationLandscapeLeft UIInterfaceOrientationLandscapeRight";
				IPHONEOS_DEPLOYMENT_TARGET = 17.4;
				LD_RUNPATH_SEARCH_PATHS = "@executable_path/Frameworks";
				"LD_RUNPATH_SEARCH_PATHS[sdk=macosx*]" = "@executable_path/../Frameworks";
				MACOSX_DEPLOYMENT_TARGET = 14.0;
				MARKETING_VERSION = 1.0;
				PRODUCT_BUNDLE_IDENTIFIER = alikhatibak.Slate;
				PRODUCT_NAME = "$(TARGET_NAME)";
				SDKROOT = auto;
				SUPPORTED_PLATFORMS = "iphoneos iphonesimulator macosx";
				SWIFT_EMIT_LOC_STRINGS = YES;
				SWIFT_VERSION = 5.0;
				TARGETED_DEVICE_FAMILY = "1,2";
			};
			name = Release;
		};
		992A233E2BF1C7EA0062EF80 /* Debug */ = {
			isa = XCBuildConfiguration;
			buildSettings = {
				ALWAYS_EMBED_SWIFT_STANDARD_LIBRARIES = YES;
				BUNDLE_LOADER = "$(TEST_HOST)";
				CODE_SIGN_STYLE = Automatic;
				CURRENT_PROJECT_VERSION = 1;
				GENERATE_INFOPLIST_FILE = YES;
				IPHONEOS_DEPLOYMENT_TARGET = 17.4;
				MACOSX_DEPLOYMENT_TARGET = 14.4;
				MARKETING_VERSION = 1.0;
				PRODUCT_BUNDLE_IDENTIFIER = alikhatibak.SlateTests;
				PRODUCT_NAME = "$(TARGET_NAME)";
				SDKROOT = auto;
				SUPPORTED_PLATFORMS = "iphoneos iphonesimulator macosx";
				SWIFT_EMIT_LOC_STRINGS = NO;
				SWIFT_VERSION = 5.0;
				TARGETED_DEVICE_FAMILY = "1,2";
				TEST_HOST = "$(BUILT_PRODUCTS_DIR)/Slate.app/$(BUNDLE_EXECUTABLE_FOLDER_PATH)/Slate";
			};
			name = Debug;
		};
		992A233F2BF1C7EA0062EF80 /* Release */ = {
			isa = XCBuildConfiguration;
			buildSettings = {
				ALWAYS_EMBED_SWIFT_STANDARD_LIBRARIES = YES;
				BUNDLE_LOADER = "$(TEST_HOST)";
				CODE_SIGN_STYLE = Automatic;
				CURRENT_PROJECT_VERSION = 1;
				GENERATE_INFOPLIST_FILE = YES;
				IPHONEOS_DEPLOYMENT_TARGET = 17.4;
				MACOSX_DEPLOYMENT_TARGET = 14.4;
				MARKETING_VERSION = 1.0;
				PRODUCT_BUNDLE_IDENTIFIER = alikhatibak.SlateTests;
				PRODUCT_NAME = "$(TARGET_NAME)";
				SDKROOT = auto;
				SUPPORTED_PLATFORMS = "iphoneos iphonesimulator macosx";
				SWIFT_EMIT_LOC_STRINGS = NO;
				SWIFT_VERSION = 5.0;
				TARGETED_DEVICE_FAMILY = "1,2";
				TEST_HOST = "$(BUILT_PRODUCTS_DIR)/Slate.app/$(BUNDLE_EXECUTABLE_FOLDER_PATH)/Slate";
			};
			name = Release;
		};
		992A23412BF1C7EA0062EF80 /* Debug */ = {
			isa = XCBuildConfiguration;
			buildSettings = {
				ALWAYS_EMBED_SWIFT_STANDARD_LIBRARIES = YES;
				CODE_SIGN_STYLE = Automatic;
				CURRENT_PROJECT_VERSION = 1;
				GENERATE_INFOPLIST_FILE = YES;
				IPHONEOS_DEPLOYMENT_TARGET = 17.4;
				MACOSX_DEPLOYMENT_TARGET = 14.4;
				MARKETING_VERSION = 1.0;
				PRODUCT_BUNDLE_IDENTIFIER = alikhatibak.SlateUITests;
				PRODUCT_NAME = "$(TARGET_NAME)";
				SDKROOT = auto;
				SUPPORTED_PLATFORMS = "iphoneos iphonesimulator macosx";
				SWIFT_EMIT_LOC_STRINGS = NO;
				SWIFT_VERSION = 5.0;
				TARGETED_DEVICE_FAMILY = "1,2";
				TEST_TARGET_NAME = Slate;
			};
			name = Debug;
		};
		992A23422BF1C7EA0062EF80 /* Release */ = {
			isa = XCBuildConfiguration;
			buildSettings = {
				ALWAYS_EMBED_SWIFT_STANDARD_LIBRARIES = YES;
				CODE_SIGN_STYLE = Automatic;
				CURRENT_PROJECT_VERSION = 1;
				GENERATE_INFOPLIST_FILE = YES;
				IPHONEOS_DEPLOYMENT_TARGET = 17.4;
				MACOSX_DEPLOYMENT_TARGET = 14.4;
				MARKETING_VERSION = 1.0;
				PRODUCT_BUNDLE_IDENTIFIER = alikhatibak.SlateUITests;
				PRODUCT_NAME = "$(TARGET_NAME)";
				SDKROOT = auto;
				SUPPORTED_PLATFORMS = "iphoneos iphonesimulator macosx";
				SWIFT_EMIT_LOC_STRINGS = NO;
				SWIFT_VERSION = 5.0;
				TARGETED_DEVICE_FAMILY = "1,2";
				TEST_TARGET_NAME = Slate;
			};
			name = Release;
		};
/* End XCBuildConfiguration section */

/* Begin XCConfigurationList section */
		992A230E2BF1C7E90062EF80 /* Build configuration list for PBXProject "Slate" */ = {
			isa = XCConfigurationList;
			buildConfigurations = (
				992A23382BF1C7EA0062EF80 /* Debug */,
				992A23392BF1C7EA0062EF80 /* Release */,
			);
			defaultConfigurationIsVisible = 0;
			defaultConfigurationName = Release;
		};
		992A233A2BF1C7EA0062EF80 /* Build configuration list for PBXNativeTarget "Slate" */ = {
			isa = XCConfigurationList;
			buildConfigurations = (
				992A233B2BF1C7EA0062EF80 /* Debug */,
				992A233C2BF1C7EA0062EF80 /* Release */,
			);
			defaultConfigurationIsVisible = 0;
			defaultConfigurationName = Release;
		};
		992A233D2BF1C7EA0062EF80 /* Build configuration list for PBXNativeTarget "SlateTests" */ = {
			isa = XCConfigurationList;
			buildConfigurations = (
				992A233E2BF1C7EA0062EF80 /* Debug */,
				992A233F2BF1C7EA0062EF80 /* Release */,
			);
			defaultConfigurationIsVisible = 0;
			defaultConfigurationName = Release;
		};
		992A23402BF1C7EA0062EF80 /* Build configuration list for PBXNativeTarget "SlateUITests" */ = {
			isa = XCConfigurationList;
			buildConfigurations = (
				992A23412BF1C7EA0062EF80 /* Debug */,
				992A23422BF1C7EA0062EF80 /* Release */,
			);
			defaultConfigurationIsVisible = 0;
			defaultConfigurationName = Release;
		};
/* End XCConfigurationList section */
	};
	rootObject = 992A230B2BF1C7E90062EF80 /* Project object */;
}
