// !$*UTF8*$!
{
	archiveVersion = 1;
	classes = {
	};
	objectVersion = 56;
	objects = {

/* Begin PBXBuildFile section */
		990209C32B68534C0020F2F4 /* Slate.swift in Sources */ = {isa = PBXBuildFile; fileRef = 990209C22B68534C0020F2F4 /* Slate.swift */; };
		9909E1942B66E7B900152369 /* Slate_AppApp.swift in Sources */ = {isa = PBXBuildFile; fileRef = 9909E1932B66E7B900152369 /* Slate_AppApp.swift */; };
		9909E1962B66E7B900152369 /* ContentView.swift in Sources */ = {isa = PBXBuildFile; fileRef = 9909E1952B66E7B900152369 /* ContentView.swift */; };
		9909E19A2B66E7BA00152369 /* Assets.xcassets in Resources */ = {isa = PBXBuildFile; fileRef = 9909E1992B66E7BA00152369 /* Assets.xcassets */; };
		9909E19E2B66E7BA00152369 /* Preview Assets.xcassets in Resources */ = {isa = PBXBuildFile; fileRef = 9909E19D2B66E7BA00152369 /* Preview Assets.xcassets */; };
		9909E1A82B66E7BA00152369 /* Slate_AppTests.swift in Sources */ = {isa = PBXBuildFile; fileRef = 9909E1A72B66E7BA00152369 /* Slate_AppTests.swift */; };
		9909E1B22B66E7BA00152369 /* Slate_AppUITests.swift in Sources */ = {isa = PBXBuildFile; fileRef = 9909E1B12B66E7BA00152369 /* Slate_AppUITests.swift */; };
		9909E1B42B66E7BA00152369 /* Slate_AppUITestsLaunchTests.swift in Sources */ = {isa = PBXBuildFile; fileRef = 9909E1B32B66E7BA00152369 /* Slate_AppUITestsLaunchTests.swift */; };
/* End PBXBuildFile section */

/* Begin PBXContainerItemProxy section */
		9909E1A42B66E7BA00152369 /* PBXContainerItemProxy */ = {
			isa = PBXContainerItemProxy;
			containerPortal = 9909E1882B66E7B900152369 /* Project object */;
			proxyType = 1;
			remoteGlobalIDString = 9909E18F2B66E7B900152369;
			remoteInfo = "Slate App";
		};
		9909E1AE2B66E7BA00152369 /* PBXContainerItemProxy */ = {
			isa = PBXContainerItemProxy;
			containerPortal = 9909E1882B66E7B900152369 /* Project object */;
			proxyType = 1;
			remoteGlobalIDString = 9909E18F2B66E7B900152369;
			remoteInfo = "Slate App";
		};
/* End PBXContainerItemProxy section */

/* Begin PBXFileReference section */
		990209C22B68534C0020F2F4 /* Slate.swift */ = {isa = PBXFileReference; lastKnownFileType = sourcecode.swift; path = Slate.swift; sourceTree = "<group>"; };
		9909E1902B66E7B900152369 /* Slate App.app */ = {isa = PBXFileReference; explicitFileType = wrapper.application; includeInIndex = 0; path = "Slate App.app"; sourceTree = BUILT_PRODUCTS_DIR; };
		9909E1932B66E7B900152369 /* Slate_AppApp.swift */ = {isa = PBXFileReference; lastKnownFileType = sourcecode.swift; path = Slate_AppApp.swift; sourceTree = "<group>"; };
		9909E1952B66E7B900152369 /* ContentView.swift */ = {isa = PBXFileReference; lastKnownFileType = sourcecode.swift; path = ContentView.swift; sourceTree = "<group>"; };
		9909E1992B66E7BA00152369 /* Assets.xcassets */ = {isa = PBXFileReference; lastKnownFileType = folder.assetcatalog; path = Assets.xcassets; sourceTree = "<group>"; };
		9909E19B2B66E7BA00152369 /* Slate_App.entitlements */ = {isa = PBXFileReference; lastKnownFileType = text.plist.entitlements; path = Slate_App.entitlements; sourceTree = "<group>"; };
		9909E19D2B66E7BA00152369 /* Preview Assets.xcassets */ = {isa = PBXFileReference; lastKnownFileType = folder.assetcatalog; path = "Preview Assets.xcassets"; sourceTree = "<group>"; };
		9909E1A32B66E7BA00152369 /* Slate AppTests.xctest */ = {isa = PBXFileReference; explicitFileType = wrapper.cfbundle; includeInIndex = 0; path = "Slate AppTests.xctest"; sourceTree = BUILT_PRODUCTS_DIR; };
		9909E1A72B66E7BA00152369 /* Slate_AppTests.swift */ = {isa = PBXFileReference; lastKnownFileType = sourcecode.swift; path = Slate_AppTests.swift; sourceTree = "<group>"; };
		9909E1AD2B66E7BA00152369 /* Slate AppUITests.xctest */ = {isa = PBXFileReference; explicitFileType = wrapper.cfbundle; includeInIndex = 0; path = "Slate AppUITests.xctest"; sourceTree = BUILT_PRODUCTS_DIR; };
		9909E1B12B66E7BA00152369 /* Slate_AppUITests.swift */ = {isa = PBXFileReference; lastKnownFileType = sourcecode.swift; path = Slate_AppUITests.swift; sourceTree = "<group>"; };
		9909E1B32B66E7BA00152369 /* Slate_AppUITestsLaunchTests.swift */ = {isa = PBXFileReference; lastKnownFileType = sourcecode.swift; path = Slate_AppUITestsLaunchTests.swift; sourceTree = "<group>"; };
/* End PBXFileReference section */

/* Begin PBXFrameworksBuildPhase section */
		9909E18D2B66E7B900152369 /* Frameworks */ = {
			isa = PBXFrameworksBuildPhase;
			buildActionMask = 2147483647;
			files = (
			);
			runOnlyForDeploymentPostprocessing = 0;
		};
		9909E1A02B66E7BA00152369 /* Frameworks */ = {
			isa = PBXFrameworksBuildPhase;
			buildActionMask = 2147483647;
			files = (
			);
			runOnlyForDeploymentPostprocessing = 0;
		};
		9909E1AA2B66E7BA00152369 /* Frameworks */ = {
			isa = PBXFrameworksBuildPhase;
			buildActionMask = 2147483647;
			files = (
			);
			runOnlyForDeploymentPostprocessing = 0;
		};
/* End PBXFrameworksBuildPhase section */

/* Begin PBXGroup section */
		9909E1872B66E7B900152369 = {
			isa = PBXGroup;
			children = (
				9909E1922B66E7B900152369 /* Slate App */,
				9909E1A62B66E7BA00152369 /* Slate AppTests */,
				9909E1B02B66E7BA00152369 /* Slate AppUITests */,
				9909E1912B66E7B900152369 /* Products */,
			);
			sourceTree = "<group>";
		};
		9909E1912B66E7B900152369 /* Products */ = {
			isa = PBXGroup;
			children = (
				9909E1902B66E7B900152369 /* Slate App.app */,
				9909E1A32B66E7BA00152369 /* Slate AppTests.xctest */,
				9909E1AD2B66E7BA00152369 /* Slate AppUITests.xctest */,
			);
			name = Products;
			sourceTree = "<group>";
		};
		9909E1922B66E7B900152369 /* Slate App */ = {
			isa = PBXGroup;
			children = (
				9909E1932B66E7B900152369 /* Slate_AppApp.swift */,
				9909E1952B66E7B900152369 /* ContentView.swift */,
				9909E1992B66E7BA00152369 /* Assets.xcassets */,
				9909E19B2B66E7BA00152369 /* Slate_App.entitlements */,
				9909E19C2B66E7BA00152369 /* Preview Content */,
				990209C22B68534C0020F2F4 /* Slate.swift */,
			);
			path = "Slate App";
			sourceTree = "<group>";
		};
		9909E19C2B66E7BA00152369 /* Preview Content */ = {
			isa = PBXGroup;
			children = (
				9909E19D2B66E7BA00152369 /* Preview Assets.xcassets */,
			);
			path = "Preview Content";
			sourceTree = "<group>";
		};
		9909E1A62B66E7BA00152369 /* Slate AppTests */ = {
			isa = PBXGroup;
			children = (
				9909E1A72B66E7BA00152369 /* Slate_AppTests.swift */,
			);
			path = "Slate AppTests";
			sourceTree = "<group>";
		};
		9909E1B02B66E7BA00152369 /* Slate AppUITests */ = {
			isa = PBXGroup;
			children = (
				9909E1B12B66E7BA00152369 /* Slate_AppUITests.swift */,
				9909E1B32B66E7BA00152369 /* Slate_AppUITestsLaunchTests.swift */,
			);
			path = "Slate AppUITests";
			sourceTree = "<group>";
		};
/* End PBXGroup section */

/* Begin PBXNativeTarget section */
		9909E18F2B66E7B900152369 /* Slate App */ = {
			isa = PBXNativeTarget;
			buildConfigurationList = 9909E1B72B66E7BA00152369 /* Build configuration list for PBXNativeTarget "Slate App" */;
			buildPhases = (
				9909E18C2B66E7B900152369 /* Sources */,
				9909E18D2B66E7B900152369 /* Frameworks */,
				9909E18E2B66E7B900152369 /* Resources */,
			);
			buildRules = (
			);
			dependencies = (
			);
			name = "Slate App";
			productName = "Slate App";
			productReference = 9909E1902B66E7B900152369 /* Slate App.app */;
			productType = "com.apple.product-type.application";
		};
		9909E1A22B66E7BA00152369 /* Slate AppTests */ = {
			isa = PBXNativeTarget;
			buildConfigurationList = 9909E1BA2B66E7BA00152369 /* Build configuration list for PBXNativeTarget "Slate AppTests" */;
			buildPhases = (
				9909E19F2B66E7BA00152369 /* Sources */,
				9909E1A02B66E7BA00152369 /* Frameworks */,
				9909E1A12B66E7BA00152369 /* Resources */,
			);
			buildRules = (
			);
			dependencies = (
				9909E1A52B66E7BA00152369 /* PBXTargetDependency */,
			);
			name = "Slate AppTests";
			productName = "Slate AppTests";
			productReference = 9909E1A32B66E7BA00152369 /* Slate AppTests.xctest */;
			productType = "com.apple.product-type.bundle.unit-test";
		};
		9909E1AC2B66E7BA00152369 /* Slate AppUITests */ = {
			isa = PBXNativeTarget;
			buildConfigurationList = 9909E1BD2B66E7BA00152369 /* Build configuration list for PBXNativeTarget "Slate AppUITests" */;
			buildPhases = (
				9909E1A92B66E7BA00152369 /* Sources */,
				9909E1AA2B66E7BA00152369 /* Frameworks */,
				9909E1AB2B66E7BA00152369 /* Resources */,
			);
			buildRules = (
			);
			dependencies = (
				9909E1AF2B66E7BA00152369 /* PBXTargetDependency */,
			);
			name = "Slate AppUITests";
			productName = "Slate AppUITests";
			productReference = 9909E1AD2B66E7BA00152369 /* Slate AppUITests.xctest */;
			productType = "com.apple.product-type.bundle.ui-testing";
		};
/* End PBXNativeTarget section */

/* Begin PBXProject section */
		9909E1882B66E7B900152369 /* Project object */ = {
			isa = PBXProject;
			attributes = {
				BuildIndependentTargetsInParallel = 1;
				LastSwiftUpdateCheck = 1520;
				LastUpgradeCheck = 1520;
				TargetAttributes = {
					9909E18F2B66E7B900152369 = {
						CreatedOnToolsVersion = 15.2;
					};
					9909E1A22B66E7BA00152369 = {
						CreatedOnToolsVersion = 15.2;
						TestTargetID = 9909E18F2B66E7B900152369;
					};
					9909E1AC2B66E7BA00152369 = {
						CreatedOnToolsVersion = 15.2;
						TestTargetID = 9909E18F2B66E7B900152369;
					};
				};
			};
			buildConfigurationList = 9909E18B2B66E7B900152369 /* Build configuration list for PBXProject "Slate App" */;
			compatibilityVersion = "Xcode 14.0";
			developmentRegion = en;
			hasScannedForEncodings = 0;
			knownRegions = (
				en,
				Base,
			);
			mainGroup = 9909E1872B66E7B900152369;
			productRefGroup = 9909E1912B66E7B900152369 /* Products */;
			projectDirPath = "";
			projectRoot = "";
			targets = (
				9909E18F2B66E7B900152369 /* Slate App */,
				9909E1A22B66E7BA00152369 /* Slate AppTests */,
				9909E1AC2B66E7BA00152369 /* Slate AppUITests */,
			);
		};
/* End PBXProject section */

/* Begin PBXResourcesBuildPhase section */
		9909E18E2B66E7B900152369 /* Resources */ = {
			isa = PBXResourcesBuildPhase;
			buildActionMask = 2147483647;
			files = (
				9909E19E2B66E7BA00152369 /* Preview Assets.xcassets in Resources */,
				9909E19A2B66E7BA00152369 /* Assets.xcassets in Resources */,
			);
			runOnlyForDeploymentPostprocessing = 0;
		};
		9909E1A12B66E7BA00152369 /* Resources */ = {
			isa = PBXResourcesBuildPhase;
			buildActionMask = 2147483647;
			files = (
			);
			runOnlyForDeploymentPostprocessing = 0;
		};
		9909E1AB2B66E7BA00152369 /* Resources */ = {
			isa = PBXResourcesBuildPhase;
			buildActionMask = 2147483647;
			files = (
			);
			runOnlyForDeploymentPostprocessing = 0;
		};
/* End PBXResourcesBuildPhase section */

/* Begin PBXSourcesBuildPhase section */
		9909E18C2B66E7B900152369 /* Sources */ = {
			isa = PBXSourcesBuildPhase;
			buildActionMask = 2147483647;
			files = (
				9909E1962B66E7B900152369 /* ContentView.swift in Sources */,
				9909E1942B66E7B900152369 /* Slate_AppApp.swift in Sources */,
				990209C32B68534C0020F2F4 /* Slate.swift in Sources */,
			);
			runOnlyForDeploymentPostprocessing = 0;
		};
		9909E19F2B66E7BA00152369 /* Sources */ = {
			isa = PBXSourcesBuildPhase;
			buildActionMask = 2147483647;
			files = (
				9909E1A82B66E7BA00152369 /* Slate_AppTests.swift in Sources */,
			);
			runOnlyForDeploymentPostprocessing = 0;
		};
		9909E1A92B66E7BA00152369 /* Sources */ = {
			isa = PBXSourcesBuildPhase;
			buildActionMask = 2147483647;
			files = (
				9909E1B42B66E7BA00152369 /* Slate_AppUITestsLaunchTests.swift in Sources */,
				9909E1B22B66E7BA00152369 /* Slate_AppUITests.swift in Sources */,
			);
			runOnlyForDeploymentPostprocessing = 0;
		};
/* End PBXSourcesBuildPhase section */

/* Begin PBXTargetDependency section */
		9909E1A52B66E7BA00152369 /* PBXTargetDependency */ = {
			isa = PBXTargetDependency;
			target = 9909E18F2B66E7B900152369 /* Slate App */;
			targetProxy = 9909E1A42B66E7BA00152369 /* PBXContainerItemProxy */;
		};
		9909E1AF2B66E7BA00152369 /* PBXTargetDependency */ = {
			isa = PBXTargetDependency;
			target = 9909E18F2B66E7B900152369 /* Slate App */;
			targetProxy = 9909E1AE2B66E7BA00152369 /* PBXContainerItemProxy */;
		};
/* End PBXTargetDependency section */

/* Begin XCBuildConfiguration section */
		9909E1B52B66E7BA00152369 /* Debug */ = {
			isa = XCBuildConfiguration;
			buildSettings = {
				ALWAYS_SEARCH_USER_PATHS = NO;
				ASSETCATALOG_COMPILER_GENERATE_SWIFT_ASSET_SYMBOL_EXTENSIONS = YES;
				CLANG_ANALYZER_NONNULL = YES;
				CLANG_ANALYZER_NUMBER_OBJECT_CONVERSION = YES_AGGRESSIVE;
				CLANG_CXX_LANGUAGE_STANDARD = "gnu++20";
				CLANG_ENABLE_MODULES = YES;
				CLANG_ENABLE_OBJC_ARC = YES;
				CLANG_ENABLE_OBJC_WEAK = YES;
				CLANG_WARN_BLOCK_CAPTURE_AUTORELEASING = YES;
				CLANG_WARN_BOOL_CONVERSION = YES;
				CLANG_WARN_COMMA = YES;
				CLANG_WARN_CONSTANT_CONVERSION = YES;
				CLANG_WARN_DEPRECATED_OBJC_IMPLEMENTATIONS = YES;
				CLANG_WARN_DIRECT_OBJC_ISA_USAGE = YES_ERROR;
				CLANG_WARN_DOCUMENTATION_COMMENTS = YES;
				CLANG_WARN_EMPTY_BODY = YES;
				CLANG_WARN_ENUM_CONVERSION = YES;
				CLANG_WARN_INFINITE_RECURSION = YES;
				CLANG_WARN_INT_CONVERSION = YES;
				CLANG_WARN_NON_LITERAL_NULL_CONVERSION = YES;
				CLANG_WARN_OBJC_IMPLICIT_RETAIN_SELF = YES;
				CLANG_WARN_OBJC_LITERAL_CONVERSION = YES;
				CLANG_WARN_OBJC_ROOT_CLASS = YES_ERROR;
				CLANG_WARN_QUOTED_INCLUDE_IN_FRAMEWORK_HEADER = YES;
				CLANG_WARN_RANGE_LOOP_ANALYSIS = YES;
				CLANG_WARN_STRICT_PROTOTYPES = YES;
				CLANG_WARN_SUSPICIOUS_MOVE = YES;
				CLANG_WARN_UNGUARDED_AVAILABILITY = YES_AGGRESSIVE;
				CLANG_WARN_UNREACHABLE_CODE = YES;
				CLANG_WARN__DUPLICATE_METHOD_MATCH = YES;
				COPY_PHASE_STRIP = NO;
				DEBUG_INFORMATION_FORMAT = dwarf;
				ENABLE_STRICT_OBJC_MSGSEND = YES;
				ENABLE_TESTABILITY = YES;
				ENABLE_USER_SCRIPT_SANDBOXING = YES;
				GCC_C_LANGUAGE_STANDARD = gnu17;
				GCC_DYNAMIC_NO_PIC = NO;
				GCC_NO_COMMON_BLOCKS = YES;
				GCC_OPTIMIZATION_LEVEL = 0;
				GCC_PREPROCESSOR_DEFINITIONS = (
					"DEBUG=1",
					"$(inherited)",
				);
				GCC_WARN_64_TO_32_BIT_CONVERSION = YES;
				GCC_WARN_ABOUT_RETURN_TYPE = YES_ERROR;
				GCC_WARN_UNDECLARED_SELECTOR = YES;
				GCC_WARN_UNINITIALIZED_AUTOS = YES_AGGRESSIVE;
				GCC_WARN_UNUSED_FUNCTION = YES;
				GCC_WARN_UNUSED_VARIABLE = YES;
				LOCALIZATION_PREFERS_STRING_CATALOGS = YES;
				MTL_ENABLE_DEBUG_INFO = INCLUDE_SOURCE;
				MTL_FAST_MATH = YES;
				ONLY_ACTIVE_ARCH = YES;
				SWIFT_ACTIVE_COMPILATION_CONDITIONS = "DEBUG $(inherited)";
				SWIFT_OPTIMIZATION_LEVEL = "-Onone";
			};
			name = Debug;
		};
		9909E1B62B66E7BA00152369 /* Release */ = {
			isa = XCBuildConfiguration;
			buildSettings = {
				ALWAYS_SEARCH_USER_PATHS = NO;
				ASSETCATALOG_COMPILER_GENERATE_SWIFT_ASSET_SYMBOL_EXTENSIONS = YES;
				CLANG_ANALYZER_NONNULL = YES;
				CLANG_ANALYZER_NUMBER_OBJECT_CONVERSION = YES_AGGRESSIVE;
				CLANG_CXX_LANGUAGE_STANDARD = "gnu++20";
				CLANG_ENABLE_MODULES = YES;
				CLANG_ENABLE_OBJC_ARC = YES;
				CLANG_ENABLE_OBJC_WEAK = YES;
				CLANG_WARN_BLOCK_CAPTURE_AUTORELEASING = YES;
				CLANG_WARN_BOOL_CONVERSION = YES;
				CLANG_WARN_COMMA = YES;
				CLANG_WARN_CONSTANT_CONVERSION = YES;
				CLANG_WARN_DEPRECATED_OBJC_IMPLEMENTATIONS = YES;
				CLANG_WARN_DIRECT_OBJC_ISA_USAGE = YES_ERROR;
				CLANG_WARN_DOCUMENTATION_COMMENTS = YES;
				CLANG_WARN_EMPTY_BODY = YES;
				CLANG_WARN_ENUM_CONVERSION = YES;
				CLANG_WARN_INFINITE_RECURSION = YES;
				CLANG_WARN_INT_CONVERSION = YES;
				CLANG_WARN_NON_LITERAL_NULL_CONVERSION = YES;
				CLANG_WARN_OBJC_IMPLICIT_RETAIN_SELF = YES;
				CLANG_WARN_OBJC_LITERAL_CONVERSION = YES;
				CLANG_WARN_OBJC_ROOT_CLASS = YES_ERROR;
				CLANG_WARN_QUOTED_INCLUDE_IN_FRAMEWORK_HEADER = YES;
				CLANG_WARN_RANGE_LOOP_ANALYSIS = YES;
				CLANG_WARN_STRICT_PROTOTYPES = YES;
				CLANG_WARN_SUSPICIOUS_MOVE = YES;
				CLANG_WARN_UNGUARDED_AVAILABILITY = YES_AGGRESSIVE;
				CLANG_WARN_UNREACHABLE_CODE = YES;
				CLANG_WARN__DUPLICATE_METHOD_MATCH = YES;
				COPY_PHASE_STRIP = NO;
				DEBUG_INFORMATION_FORMAT = "dwarf-with-dsym";
				ENABLE_NS_ASSERTIONS = NO;
				ENABLE_STRICT_OBJC_MSGSEND = YES;
				ENABLE_USER_SCRIPT_SANDBOXING = YES;
				GCC_C_LANGUAGE_STANDARD = gnu17;
				GCC_NO_COMMON_BLOCKS = YES;
				GCC_WARN_64_TO_32_BIT_CONVERSION = YES;
				GCC_WARN_ABOUT_RETURN_TYPE = YES_ERROR;
				GCC_WARN_UNDECLARED_SELECTOR = YES;
				GCC_WARN_UNINITIALIZED_AUTOS = YES_AGGRESSIVE;
				GCC_WARN_UNUSED_FUNCTION = YES;
				GCC_WARN_UNUSED_VARIABLE = YES;
				LOCALIZATION_PREFERS_STRING_CATALOGS = YES;
				MTL_ENABLE_DEBUG_INFO = NO;
				MTL_FAST_MATH = YES;
				SWIFT_COMPILATION_MODE = wholemodule;
			};
			name = Release;
		};
		9909E1B82B66E7BA00152369 /* Debug */ = {
			isa = XCBuildConfiguration;
			buildSettings = {
				ASSETCATALOG_COMPILER_APPICON_NAME = AppIcon;
				ASSETCATALOG_COMPILER_GLOBAL_ACCENT_COLOR_NAME = AccentColor;
				CODE_SIGN_ENTITLEMENTS = "Slate App/Slate_App.entitlements";
				CODE_SIGN_STYLE = Automatic;
				CURRENT_PROJECT_VERSION = 1;
				DEVELOPMENT_ASSET_PATHS = "\"Slate App/Preview Content\"";
				ENABLE_PREVIEWS = YES;
				GENERATE_INFOPLIST_FILE = YES;
				"INFOPLIST_KEY_UIApplicationSceneManifest_Generation[sdk=iphoneos*]" = YES;
				"INFOPLIST_KEY_UIApplicationSceneManifest_Generation[sdk=iphonesimulator*]" = YES;
				"INFOPLIST_KEY_UIApplicationSupportsIndirectInputEvents[sdk=iphoneos*]" = YES;
				"INFOPLIST_KEY_UIApplicationSupportsIndirectInputEvents[sdk=iphonesimulator*]" = YES;
				"INFOPLIST_KEY_UILaunchScreen_Generation[sdk=iphoneos*]" = YES;
				"INFOPLIST_KEY_UILaunchScreen_Generation[sdk=iphonesimulator*]" = YES;
				"INFOPLIST_KEY_UIStatusBarStyle[sdk=iphoneos*]" = UIStatusBarStyleDefault;
				"INFOPLIST_KEY_UIStatusBarStyle[sdk=iphonesimulator*]" = UIStatusBarStyleDefault;
				INFOPLIST_KEY_UISupportedInterfaceOrientations_iPad = "UIInterfaceOrientationPortrait UIInterfaceOrientationPortraitUpsideDown UIInterfaceOrientationLandscapeLeft UIInterfaceOrientationLandscapeRight";
				INFOPLIST_KEY_UISupportedInterfaceOrientations_iPhone = "UIInterfaceOrientationPortrait UIInterfaceOrientationLandscapeLeft UIInterfaceOrientationLandscapeRight";
				IPHONEOS_DEPLOYMENT_TARGET = 17.2;
				LD_RUNPATH_SEARCH_PATHS = "@executable_path/Frameworks";
				"LD_RUNPATH_SEARCH_PATHS[sdk=macosx*]" = "@executable_path/../Frameworks";
				MACOSX_DEPLOYMENT_TARGET = 14.0;
				MARKETING_VERSION = 1.0;
				PRODUCT_BUNDLE_IDENTIFIER = "alikhatibak.Slate-App";
				PRODUCT_NAME = "$(TARGET_NAME)";
				SDKROOT = auto;
				SUPPORTED_PLATFORMS = "iphoneos iphonesimulator macosx";
				SWIFT_EMIT_LOC_STRINGS = YES;
				SWIFT_VERSION = 5.0;
				TARGETED_DEVICE_FAMILY = "1,2";
			};
			name = Debug;
		};
		9909E1B92B66E7BA00152369 /* Release */ = {
			isa = XCBuildConfiguration;
			buildSettings = {
				ASSETCATALOG_COMPILER_APPICON_NAME = AppIcon;
				ASSETCATALOG_COMPILER_GLOBAL_ACCENT_COLOR_NAME = AccentColor;
				CODE_SIGN_ENTITLEMENTS = "Slate App/Slate_App.entitlements";
				CODE_SIGN_STYLE = Automatic;
				CURRENT_PROJECT_VERSION = 1;
				DEVELOPMENT_ASSET_PATHS = "\"Slate App/Preview Content\"";
				ENABLE_PREVIEWS = YES;
				GENERATE_INFOPLIST_FILE = YES;
				"INFOPLIST_KEY_UIApplicationSceneManifest_Generation[sdk=iphoneos*]" = YES;
				"INFOPLIST_KEY_UIApplicationSceneManifest_Generation[sdk=iphonesimulator*]" = YES;
				"INFOPLIST_KEY_UIApplicationSupportsIndirectInputEvents[sdk=iphoneos*]" = YES;
				"INFOPLIST_KEY_UIApplicationSupportsIndirectInputEvents[sdk=iphonesimulator*]" = YES;
				"INFOPLIST_KEY_UILaunchScreen_Generation[sdk=iphoneos*]" = YES;
				"INFOPLIST_KEY_UILaunchScreen_Generation[sdk=iphonesimulator*]" = YES;
				"INFOPLIST_KEY_UIStatusBarStyle[sdk=iphoneos*]" = UIStatusBarStyleDefault;
				"INFOPLIST_KEY_UIStatusBarStyle[sdk=iphonesimulator*]" = UIStatusBarStyleDefault;
				INFOPLIST_KEY_UISupportedInterfaceOrientations_iPad = "UIInterfaceOrientationPortrait UIInterfaceOrientationPortraitUpsideDown UIInterfaceOrientationLandscapeLeft UIInterfaceOrientationLandscapeRight";
				INFOPLIST_KEY_UISupportedInterfaceOrientations_iPhone = "UIInterfaceOrientationPortrait UIInterfaceOrientationLandscapeLeft UIInterfaceOrientationLandscapeRight";
				IPHONEOS_DEPLOYMENT_TARGET = 17.2;
				LD_RUNPATH_SEARCH_PATHS = "@executable_path/Frameworks";
				"LD_RUNPATH_SEARCH_PATHS[sdk=macosx*]" = "@executable_path/../Frameworks";
				MACOSX_DEPLOYMENT_TARGET = 14.0;
				MARKETING_VERSION = 1.0;
				PRODUCT_BUNDLE_IDENTIFIER = "alikhatibak.Slate-App";
				PRODUCT_NAME = "$(TARGET_NAME)";
				SDKROOT = auto;
				SUPPORTED_PLATFORMS = "iphoneos iphonesimulator macosx";
				SWIFT_EMIT_LOC_STRINGS = YES;
				SWIFT_VERSION = 5.0;
				TARGETED_DEVICE_FAMILY = "1,2";
			};
			name = Release;
		};
		9909E1BB2B66E7BA00152369 /* Debug */ = {
			isa = XCBuildConfiguration;
			buildSettings = {
				ALWAYS_EMBED_SWIFT_STANDARD_LIBRARIES = YES;
				BUNDLE_LOADER = "$(TEST_HOST)";
				CODE_SIGN_STYLE = Automatic;
				CURRENT_PROJECT_VERSION = 1;
				GENERATE_INFOPLIST_FILE = YES;
				IPHONEOS_DEPLOYMENT_TARGET = 17.2;
				MACOSX_DEPLOYMENT_TARGET = 14.2;
				MARKETING_VERSION = 1.0;
				PRODUCT_BUNDLE_IDENTIFIER = "alikhatibak.Slate-AppTests";
				PRODUCT_NAME = "$(TARGET_NAME)";
				SDKROOT = auto;
				SUPPORTED_PLATFORMS = "iphoneos iphonesimulator macosx";
				SWIFT_EMIT_LOC_STRINGS = NO;
				SWIFT_VERSION = 5.0;
				TARGETED_DEVICE_FAMILY = "1,2";
				TEST_HOST = "$(BUILT_PRODUCTS_DIR)/Slate App.app/$(BUNDLE_EXECUTABLE_FOLDER_PATH)/Slate App";
			};
			name = Debug;
		};
		9909E1BC2B66E7BA00152369 /* Release */ = {
			isa = XCBuildConfiguration;
			buildSettings = {
				ALWAYS_EMBED_SWIFT_STANDARD_LIBRARIES = YES;
				BUNDLE_LOADER = "$(TEST_HOST)";
				CODE_SIGN_STYLE = Automatic;
				CURRENT_PROJECT_VERSION = 1;
				GENERATE_INFOPLIST_FILE = YES;
				IPHONEOS_DEPLOYMENT_TARGET = 17.2;
				MACOSX_DEPLOYMENT_TARGET = 14.2;
				MARKETING_VERSION = 1.0;
				PRODUCT_BUNDLE_IDENTIFIER = "alikhatibak.Slate-AppTests";
				PRODUCT_NAME = "$(TARGET_NAME)";
				SDKROOT = auto;
				SUPPORTED_PLATFORMS = "iphoneos iphonesimulator macosx";
				SWIFT_EMIT_LOC_STRINGS = NO;
				SWIFT_VERSION = 5.0;
				TARGETED_DEVICE_FAMILY = "1,2";
				TEST_HOST = "$(BUILT_PRODUCTS_DIR)/Slate App.app/$(BUNDLE_EXECUTABLE_FOLDER_PATH)/Slate App";
			};
			name = Release;
		};
		9909E1BE2B66E7BA00152369 /* Debug */ = {
			isa = XCBuildConfiguration;
			buildSettings = {
				ALWAYS_EMBED_SWIFT_STANDARD_LIBRARIES = YES;
				CODE_SIGN_STYLE = Automatic;
				CURRENT_PROJECT_VERSION = 1;
				GENERATE_INFOPLIST_FILE = YES;
				IPHONEOS_DEPLOYMENT_TARGET = 17.2;
				MACOSX_DEPLOYMENT_TARGET = 14.2;
				MARKETING_VERSION = 1.0;
				PRODUCT_BUNDLE_IDENTIFIER = "alikhatibak.Slate-AppUITests";
				PRODUCT_NAME = "$(TARGET_NAME)";
				SDKROOT = auto;
				SUPPORTED_PLATFORMS = "iphoneos iphonesimulator macosx";
				SWIFT_EMIT_LOC_STRINGS = NO;
				SWIFT_VERSION = 5.0;
				TARGETED_DEVICE_FAMILY = "1,2";
				TEST_TARGET_NAME = "Slate App";
			};
			name = Debug;
		};
		9909E1BF2B66E7BA00152369 /* Release */ = {
			isa = XCBuildConfiguration;
			buildSettings = {
				ALWAYS_EMBED_SWIFT_STANDARD_LIBRARIES = YES;
				CODE_SIGN_STYLE = Automatic;
				CURRENT_PROJECT_VERSION = 1;
				GENERATE_INFOPLIST_FILE = YES;
				IPHONEOS_DEPLOYMENT_TARGET = 17.2;
				MACOSX_DEPLOYMENT_TARGET = 14.2;
				MARKETING_VERSION = 1.0;
				PRODUCT_BUNDLE_IDENTIFIER = "alikhatibak.Slate-AppUITests";
				PRODUCT_NAME = "$(TARGET_NAME)";
				SDKROOT = auto;
				SUPPORTED_PLATFORMS = "iphoneos iphonesimulator macosx";
				SWIFT_EMIT_LOC_STRINGS = NO;
				SWIFT_VERSION = 5.0;
				TARGETED_DEVICE_FAMILY = "1,2";
				TEST_TARGET_NAME = "Slate App";
			};
			name = Release;
		};
/* End XCBuildConfiguration section */

/* Begin XCConfigurationList section */
		9909E18B2B66E7B900152369 /* Build configuration list for PBXProject "Slate App" */ = {
			isa = XCConfigurationList;
			buildConfigurations = (
				9909E1B52B66E7BA00152369 /* Debug */,
				9909E1B62B66E7BA00152369 /* Release */,
			);
			defaultConfigurationIsVisible = 0;
			defaultConfigurationName = Release;
		};
		9909E1B72B66E7BA00152369 /* Build configuration list for PBXNativeTarget "Slate App" */ = {
			isa = XCConfigurationList;
			buildConfigurations = (
				9909E1B82B66E7BA00152369 /* Debug */,
				9909E1B92B66E7BA00152369 /* Release */,
			);
			defaultConfigurationIsVisible = 0;
			defaultConfigurationName = Release;
		};
		9909E1BA2B66E7BA00152369 /* Build configuration list for PBXNativeTarget "Slate AppTests" */ = {
			isa = XCConfigurationList;
			buildConfigurations = (
				9909E1BB2B66E7BA00152369 /* Debug */,
				9909E1BC2B66E7BA00152369 /* Release */,
			);
			defaultConfigurationIsVisible = 0;
			defaultConfigurationName = Release;
		};
		9909E1BD2B66E7BA00152369 /* Build configuration list for PBXNativeTarget "Slate AppUITests" */ = {
			isa = XCConfigurationList;
			buildConfigurations = (
				9909E1BE2B66E7BA00152369 /* Debug */,
				9909E1BF2B66E7BA00152369 /* Release */,
			);
			defaultConfigurationIsVisible = 0;
			defaultConfigurationName = Release;
		};
/* End XCConfigurationList section */
	};
	rootObject = 9909E1882B66E7B900152369 /* Project object */;
}
